
Microsoft Visual Studio Solution File, Format Version 12.00
# Visual Studio Version 17
VisualStudioVersion = 17.7.33906.173
MinimumVisualStudioVersion = 10.0.40219.1
Project("{FAE04EC0-301F-11D3-BF4B-00C04F79EFBC}") = "BrainBurst.Server", "BrainBurst\Server\BrainBurst.Server.csproj", "{D95A6A36-D049-4639-9E50-D494C743F33E}"
EndProject
Project("{FAE04EC0-301F-11D3-BF4B-00C04F79EFBC}") = "BrainBurst.Client", "BrainBurst\Client\BrainBurst.Client.csproj", "{3EC626BC-C1A4-46BD-B040-B0A264769C25}"
EndProject
Project("{FAE04EC0-301F-11D3-BF4B-00C04F79EFBC}") = "BrainBurst.Shared", "BrainBurst\Shared\BrainBurst.Shared.csproj", "{2CB1E7FA-7180-45A4-83A4-24E1EFB29619}"
EndProject
Project("{FAE04EC0-301F-11D3-BF4B-00C04F79EFBC}") = "BrainBurst,Repository", "BrainBurst,Repository\BrainBurst,Repository.csproj", "{699D376B-C24E-41B0-8BD1-C5BDFE62F082}"
EndProject
Project("{FAE04EC0-301F-11D3-BF4B-00C04F79EFBC}") = "BrainBurst.Domain", "BrainBurst.Domain\BrainBurst.Domain.csproj", "{C726D8A0-EB28-4A88-BA8E-5E44569243D5}"
EndProject
Project("{FAE04EC0-301F-11D3-BF4B-00C04F79EFBC}") = "BrainBurst.Service", "BrainBurst.Service\BrainBurst.Service.csproj", "{56CCC49A-F354-4812-9A16-EB30FF8E7A78}"
EndProject
Global
	GlobalSection(SolutionConfigurationPlatforms) = preSolution
		Debug|Any CPU = Debug|Any CPU
		Release|Any CPU = Release|Any CPU
	EndGlobalSection
	GlobalSection(ProjectConfigurationPlatforms) = postSolution
		{D95A6A36-D049-4639-9E50-D494C743F33E}.Debug|Any CPU.ActiveCfg = Debug|Any CPU
		{D95A6A36-D049-4639-9E50-D494C743F33E}.Debug|Any CPU.Build.0 = Debug|Any CPU
		{D95A6A36-D049-4639-9E50-D494C743F33E}.Release|Any CPU.ActiveCfg = Release|Any CPU
		{D95A6A36-D049-4639-9E50-D494C743F33E}.Release|Any CPU.Build.0 = Release|Any CPU
		{3EC626BC-C1A4-46BD-B040-B0A264769C25}.Debug|Any CPU.ActiveCfg = Debug|Any CPU
		{3EC626BC-C1A4-46BD-B040-B0A264769C25}.Debug|Any CPU.Build.0 = Debug|Any CPU
		{3EC626BC-C1A4-46BD-B040-B0A264769C25}.Release|Any CPU.ActiveCfg = Release|Any CPU
		{3EC626BC-C1A4-46BD-B040-B0A264769C25}.Release|Any CPU.Build.0 = Release|Any CPU
		{2CB1E7FA-7180-45A4-83A4-24E1EFB29619}.Debug|Any CPU.ActiveCfg = Debug|Any CPU
		{2CB1E7FA-7180-45A4-83A4-24E1EFB29619}.Debug|Any CPU.Build.0 = Debug|Any CPU
		{2CB1E7FA-7180-45A4-83A4-24E1EFB29619}.Release|Any CPU.ActiveCfg = Release|Any CPU
		{2CB1E7FA-7180-45A4-83A4-24E1EFB29619}.Release|Any CPU.Build.0 = Release|Any CPU
		{699D376B-C24E-41B0-8BD1-C5BDFE62F082}.Debug|Any CPU.ActiveCfg = Debug|Any CPU
		{699D376B-C24E-41B0-8BD1-C5BDFE62F082}.Debug|Any CPU.Build.0 = Debug|Any CPU
		{699D376B-C24E-41B0-8BD1-C5BDFE62F082}.Release|Any CPU.ActiveCfg = Release|Any CPU
		{699D376B-C24E-41B0-8BD1-C5BDFE62F082}.Release|Any CPU.Build.0 = Release|Any CPU
		{C726D8A0-EB28-4A88-BA8E-5E44569243D5}.Debug|Any CPU.ActiveCfg = Debug|Any CPU
		{C726D8A0-EB28-4A88-BA8E-5E44569243D5}.Debug|Any CPU.Build.0 = Debug|Any CPU
		{C726D8A0-EB28-4A88-BA8E-5E44569243D5}.Release|Any CPU.ActiveCfg = Release|Any CPU
		{C726D8A0-EB28-4A88-BA8E-5E44569243D5}.Release|Any CPU.Build.0 = Release|Any CPU
		{56CCC49A-F354-4812-9A16-EB30FF8E7A78}.Debug|Any CPU.ActiveCfg = Debug|Any CPU
		{56CCC49A-F354-4812-9A16-EB30FF8E7A78}.Debug|Any CPU.Build.0 = Debug|Any CPU
		{56CCC49A-F354-4812-9A16-EB30FF8E7A78}.Release|Any CPU.ActiveCfg = Release|Any CPU
		{56CCC49A-F354-4812-9A16-EB30FF8E7A78}.Release|Any CPU.Build.0 = Release|Any CPU
	EndGlobalSection
	GlobalSection(SolutionProperties) = preSolution
		HideSolutionNode = FALSE
	EndGlobalSection
	GlobalSection(ExtensibilityGlobals) = postSolution
		SolutionGuid = {D0F431D1-0BDA-4159-9E33-70D7E8A75839}
	EndGlobalSection
EndGlobal
